
Microsoft Visual Studio Solution File, Format Version 12.00
# Visual Studio 15
VisualStudioVersion = 15.0.27004.2009
MinimumVisualStudioVersion = 10.0.40219.1
Project("{FAE04EC0-301F-11D3-BF4B-00C04F79EFBC}") = "newApp_http.Android", "newApp_http\newApp_http.Android\newApp_http.Android.csproj", "{0EB11D68-D4EB-43AB-A793-57D69510EE37}"
EndProject
Project("{FAE04EC0-301F-11D3-BF4B-00C04F79EFBC}") = "newApp_http", "newApp_http\newApp_http\newApp_http.csproj", "{981FE212-0C6E-4F08-9005-B8A3A0B7E84D}"
EndProject
Project("{FAE04EC0-301F-11D3-BF4B-00C04F79EFBC}") = "newApp_http.iOS", "newApp_http\newApp_http.iOS\newApp_http.iOS.csproj", "{E064C3BE-17A3-4AB1-B129-770C495CD6C6}"
EndProject
Global
	GlobalSection(SolutionConfigurationPlatforms) = preSolution
		Ad-Hoc|Any CPU = Ad-Hoc|Any CPU
		Ad-Hoc|iPhone = Ad-Hoc|iPhone
		Ad-Hoc|iPhoneSimulator = Ad-Hoc|iPhoneSimulator
		AppStore|Any CPU = AppStore|Any CPU
		AppStore|iPhone = AppStore|iPhone
		AppStore|iPhoneSimulator = AppStore|iPhoneSimulator
		Debug|Any CPU = Debug|Any CPU
		Debug|iPhone = Debug|iPhone
		Debug|iPhoneSimulator = Debug|iPhoneSimulator
		Release|Any CPU = Release|Any CPU
		Release|iPhone = Release|iPhone
		Release|iPhoneSimulator = Release|iPhoneSimulator
	EndGlobalSection
	GlobalSection(ProjectConfigurationPlatforms) = postSolution
		{0EB11D68-D4EB-43AB-A793-57D69510EE37}.Ad-Hoc|Any CPU.ActiveCfg = Release|Any CPU
		{0EB11D68-D4EB-43AB-A793-57D69510EE37}.Ad-Hoc|Any CPU.Build.0 = Release|Any CPU
		{0EB11D68-D4EB-43AB-A793-57D69510EE37}.Ad-Hoc|Any CPU.Deploy.0 = Release|Any CPU
		{0EB11D68-D4EB-43AB-A793-57D69510EE37}.Ad-Hoc|iPhone.ActiveCfg = Release|Any CPU
		{0EB11D68-D4EB-43AB-A793-57D69510EE37}.Ad-Hoc|iPhone.Build.0 = Release|Any CPU
		{0EB11D68-D4EB-43AB-A793-57D69510EE37}.Ad-Hoc|iPhone.Deploy.0 = Release|Any CPU
		{0EB11D68-D4EB-43AB-A793-57D69510EE37}.Ad-Hoc|iPhoneSimulator.ActiveCfg = Release|Any CPU
		{0EB11D68-D4EB-43AB-A793-57D69510EE37}.Ad-Hoc|iPhoneSimulator.Build.0 = Release|Any CPU
		{0EB11D68-D4EB-43AB-A793-57D69510EE37}.Ad-Hoc|iPhoneSimulator.Deploy.0 = Release|Any CPU
		{0EB11D68-D4EB-43AB-A793-57D69510EE37}.AppStore|Any CPU.ActiveCfg = Release|Any CPU
		{0EB11D68-D4EB-43AB-A793-57D69510EE37}.AppStore|Any CPU.Build.0 = Release|Any CPU
		{0EB11D68-D4EB-43AB-A793-57D69510EE37}.AppStore|Any CPU.Deploy.0 = Release|Any CPU
		{0EB11D68-D4EB-43AB-A793-57D69510EE37}.AppStore|iPhone.ActiveCfg = Release|Any CPU
		{0EB11D68-D4EB-43AB-A793-57D69510EE37}.AppStore|iPhone.Build.0 = Release|Any CPU
		{0EB11D68-D4EB-43AB-A793-57D69510EE37}.AppStore|iPhone.Deploy.0 = Release|Any CPU
		{0EB11D68-D4EB-43AB-A793-57D69510EE37}.AppStore|iPhoneSimulator.ActiveCfg = Release|Any CPU
		{0EB11D68-D4EB-43AB-A793-57D69510EE37}.AppStore|iPhoneSimulator.Build.0 = Release|Any CPU
		{0EB11D68-D4EB-43AB-A793-57D69510EE37}.AppStore|iPhoneSimulator.Deploy.0 = Release|Any CPU
		{0EB11D68-D4EB-43AB-A793-57D69510EE37}.Debug|Any CPU.ActiveCfg = Debug|Any CPU
		{0EB11D68-D4EB-43AB-A793-57D69510EE37}.Debug|Any CPU.Build.0 = Debug|Any CPU
		{0EB11D68-D4EB-43AB-A793-57D69510EE37}.Debug|Any CPU.Deploy.0 = Debug|Any CPU
		{0EB11D68-D4EB-43AB-A793-57D69510EE37}.Debug|iPhone.ActiveCfg = Debug|Any CPU
		{0EB11D68-D4EB-43AB-A793-57D69510EE37}.Debug|iPhone.Build.0 = Debug|Any CPU
		{0EB11D68-D4EB-43AB-A793-57D69510EE37}.Debug|iPhone.Deploy.0 = Debug|Any CPU
		{0EB11D68-D4EB-43AB-A793-57D69510EE37}.Debug|iPhoneSimulator.ActiveCfg = Debug|Any CPU
		{0EB11D68-D4EB-43AB-A793-57D69510EE37}.Debug|iPhoneSimulator.Build.0 = Debug|Any CPU
		{0EB11D68-D4EB-43AB-A793-57D69510EE37}.Debug|iPhoneSimulator.Deploy.0 = Debug|Any CPU
		{0EB11D68-D4EB-43AB-A793-57D69510EE37}.Release|Any CPU.ActiveCfg = Release|Any CPU
		{0EB11D68-D4EB-43AB-A793-57D69510EE37}.Release|Any CPU.Build.0 = Release|Any CPU
		{0EB11D68-D4EB-43AB-A793-57D69510EE37}.Release|Any CPU.Deploy.0 = Release|Any CPU
		{0EB11D68-D4EB-43AB-A793-57D69510EE37}.Release|iPhone.ActiveCfg = Release|Any CPU
		{0EB11D68-D4EB-43AB-A793-57D69510EE37}.Release|iPhone.Build.0 = Release|Any CPU
		{0EB11D68-D4EB-43AB-A793-57D69510EE37}.Release|iPhone.Deploy.0 = Release|Any CPU
		{0EB11D68-D4EB-43AB-A793-57D69510EE37}.Release|iPhoneSimulator.ActiveCfg = Release|Any CPU
		{0EB11D68-D4EB-43AB-A793-57D69510EE37}.Release|iPhoneSimulator.Build.0 = Release|Any CPU
		{0EB11D68-D4EB-43AB-A793-57D69510EE37}.Release|iPhoneSimulator.Deploy.0 = Release|Any CPU
		{981FE212-0C6E-4F08-9005-B8A3A0B7E84D}.Ad-Hoc|Any CPU.ActiveCfg = Release|Any CPU
		{981FE212-0C6E-4F08-9005-B8A3A0B7E84D}.Ad-Hoc|Any CPU.Build.0 = Release|Any CPU
		{981FE212-0C6E-4F08-9005-B8A3A0B7E84D}.Ad-Hoc|iPhone.ActiveCfg = Release|Any CPU
		{981FE212-0C6E-4F08-9005-B8A3A0B7E84D}.Ad-Hoc|iPhone.Build.0 = Release|Any CPU
		{981FE212-0C6E-4F08-9005-B8A3A0B7E84D}.Ad-Hoc|iPhoneSimulator.ActiveCfg = Release|Any CPU
		{981FE212-0C6E-4F08-9005-B8A3A0B7E84D}.Ad-Hoc|iPhoneSimulator.Build.0 = Release|Any CPU
		{981FE212-0C6E-4F08-9005-B8A3A0B7E84D}.AppStore|Any CPU.ActiveCfg = Release|Any CPU
		{981FE212-0C6E-4F08-9005-B8A3A0B7E84D}.AppStore|Any CPU.Build.0 = Release|Any CPU
		{981FE212-0C6E-4F08-9005-B8A3A0B7E84D}.AppStore|iPhone.ActiveCfg = Release|Any CPU
		{981FE212-0C6E-4F08-9005-B8A3A0B7E84D}.AppStore|iPhone.Build.0 = Release|Any CPU
		{981FE212-0C6E-4F08-9005-B8A3A0B7E84D}.AppStore|iPhoneSimulator.ActiveCfg = Release|Any CPU
		{981FE212-0C6E-4F08-9005-B8A3A0B7E84D}.AppStore|iPhoneSimulator.Build.0 = Release|Any CPU
		{981FE212-0C6E-4F08-9005-B8A3A0B7E84D}.Debug|Any CPU.ActiveCfg = Debug|Any CPU
		{981FE212-0C6E-4F08-9005-B8A3A0B7E84D}.Debug|Any CPU.Build.0 = Debug|Any CPU
		{981FE212-0C6E-4F08-9005-B8A3A0B7E84D}.Debug|iPhone.ActiveCfg = Debug|Any CPU
		{981FE212-0C6E-4F08-9005-B8A3A0B7E84D}.Debug|iPhone.Build.0 = Debug|Any CPU
		{981FE212-0C6E-4F08-9005-B8A3A0B7E84D}.Debug|iPhoneSimulator.ActiveCfg = Debug|Any CPU
		{981FE212-0C6E-4F08-9005-B8A3A0B7E84D}.Debug|iPhoneSimulator.Build.0 = Debug|Any CPU
		{981FE212-0C6E-4F08-9005-B8A3A0B7E84D}.Release|Any CPU.ActiveCfg = Release|Any CPU
		{981FE212-0C6E-4F08-9005-B8A3A0B7E84D}.Release|Any CPU.Build.0 = Release|Any CPU
		{981FE212-0C6E-4F08-9005-B8A3A0B7E84D}.Release|iPhone.ActiveCfg = Release|Any CPU
		{981FE212-0C6E-4F08-9005-B8A3A0B7E84D}.Release|iPhone.Build.0 = Release|Any CPU
		{981FE212-0C6E-4F08-9005-B8A3A0B7E84D}.Release|iPhoneSimulator.ActiveCfg = Release|Any CPU
		{981FE212-0C6E-4F08-9005-B8A3A0B7E84D}.Release|iPhoneSimulator.Build.0 = Release|Any CPU
		{E064C3BE-17A3-4AB1-B129-770C495CD6C6}.Ad-Hoc|Any CPU.ActiveCfg = Ad-Hoc|iPhoneSimulator
		{E064C3BE-17A3-4AB1-B129-770C495CD6C6}.Ad-Hoc|iPhone.ActiveCfg = Ad-Hoc|iPhone
		{E064C3BE-17A3-4AB1-B129-770C495CD6C6}.Ad-Hoc|iPhone.Build.0 = Ad-Hoc|iPhone
		{E064C3BE-17A3-4AB1-B129-770C495CD6C6}.Ad-Hoc|iPhoneSimulator.ActiveCfg = Ad-Hoc|iPhoneSimulator
		{E064C3BE-17A3-4AB1-B129-770C495CD6C6}.Ad-Hoc|iPhoneSimulator.Build.0 = Ad-Hoc|iPhoneSimulator
		{E064C3BE-17A3-4AB1-B129-770C495CD6C6}.AppStore|Any CPU.ActiveCfg = AppStore|iPhoneSimulator
		{E064C3BE-17A3-4AB1-B129-770C495CD6C6}.AppStore|iPhone.ActiveCfg = AppStore|iPhone
		{E064C3BE-17A3-4AB1-B129-770C495CD6C6}.AppStore|iPhone.Build.0 = AppStore|iPhone
		{E064C3BE-17A3-4AB1-B129-770C495CD6C6}.AppStore|iPhoneSimulator.ActiveCfg = AppStore|iPhoneSimulator
		{E064C3BE-17A3-4AB1-B129-770C495CD6C6}.AppStore|iPhoneSimulator.Build.0 = AppStore|iPhoneSimulator
		{E064C3BE-17A3-4AB1-B129-770C495CD6C6}.Debug|Any CPU.ActiveCfg = Debug|iPhoneSimulator
		{E064C3BE-17A3-4AB1-B129-770C495CD6C6}.Debug|iPhone.ActiveCfg = Debug|iPhone
		{E064C3BE-17A3-4AB1-B129-770C495CD6C6}.Debug|iPhone.Build.0 = Debug|iPhone
		{E064C3BE-17A3-4AB1-B129-770C495CD6C6}.Debug|iPhoneSimulator.ActiveCfg = Debug|iPhoneSimulator
		{E064C3BE-17A3-4AB1-B129-770C495CD6C6}.Debug|iPhoneSimulator.Build.0 = Debug|iPhoneSimulator
		{E064C3BE-17A3-4AB1-B129-770C495CD6C6}.Release|Any CPU.ActiveCfg = Release|iPhoneSimulator
		{E064C3BE-17A3-4AB1-B129-770C495CD6C6}.Release|iPhone.ActiveCfg = Release|iPhone
		{E064C3BE-17A3-4AB1-B129-770C495CD6C6}.Release|iPhone.Build.0 = Release|iPhone
		{E064C3BE-17A3-4AB1-B129-770C495CD6C6}.Release|iPhoneSimulator.ActiveCfg = Release|iPhoneSimulator
		{E064C3BE-17A3-4AB1-B129-770C495CD6C6}.Release|iPhoneSimulator.Build.0 = Release|iPhoneSimulator
	EndGlobalSection
	GlobalSection(SolutionProperties) = preSolution
		HideSolutionNode = FALSE
	EndGlobalSection
	GlobalSection(ExtensibilityGlobals) = postSolution
		SolutionGuid = {3FD0FFDD-F270-45BE-9EA6-4F4A32F03300}
	EndGlobalSection
EndGlobal
